
Microsoft Visual Studio Solution File, Format Version 12.00
# Visual Studio 15
VisualStudioVersion = 15.0.27004.2005
MinimumVisualStudioVersion = 10.0.40219.1
Project("{2150E333-8FDC-42A3-9474-1A3956D46DE8}") = "Common", "Common", "{55A5B352-0F52-4B76-82B7-97B159628D3C}"
EndProject
Project("{2150E333-8FDC-42A3-9474-1A3956D46DE8}") = "Repository", "Repository", "{62CDBB79-4A2B-44FB-A793-0CF06CA90D3E}"
EndProject
Project("{2150E333-8FDC-42A3-9474-1A3956D46DE8}") = "Service", "Service", "{DFD893F2-12B2-445B-8046-2F1E497E3FE4}"
EndProject
Project("{2150E333-8FDC-42A3-9474-1A3956D46DE8}") = "UI", "UI", "{359D6ACF-77C2-4648-A6C7-1BDE783B62BD}"
EndProject
Project("{FAE04EC0-301F-11D3-BF4B-00C04F79EFBC}") = "App", "App\App.csproj", "{C777736A-865D-4428-8651-2E5B6C962A7E}"
EndProject
Project("{FAE04EC0-301F-11D3-BF4B-00C04F79EFBC}") = "Mg.Framework.IRepository", "Mg.Framework.IRepository\Mg.Framework.IRepository.csproj", "{F6471B82-9101-4F3F-8AF4-2D453D410D1F}"
EndProject
Project("{FAE04EC0-301F-11D3-BF4B-00C04F79EFBC}") = "Mg.Framework", "Mg.Framework\Mg.Framework.csproj", "{DD5738BA-28F6-4961-A503-E7B0270181E1}"
EndProject
Project("{FAE04EC0-301F-11D3-BF4B-00C04F79EFBC}") = "Mg.Framework.IService", "Mg.Framework.IService\Mg.Framework.IService.csproj", "{4C203AE3-5DCE-4B83-A46B-B4A3AD025F1A}"
EndProject
Project("{FAE04EC0-301F-11D3-BF4B-00C04F79EFBC}") = "Mg.Framework.Service", "Mg.Framework.Service\Mg.Framework.Service.csproj", "{04EB49AA-E997-497E-80D5-5E9EC414B651}"
EndProject
Project("{FAE04EC0-301F-11D3-BF4B-00C04F79EFBC}") = "Mg.Core", "Mg.Core\Mg.Core.csproj", "{25D61593-062B-491A-B05F-A91474C47C07}"
EndProject
Project("{FAE04EC0-301F-11D3-BF4B-00C04F79EFBC}") = "Mg.Untility", "Mg.Untility\Mg.Untility.csproj", "{ECDAA115-0FD5-455A-B3CB-04FADE5601A9}"
EndProject
Project("{FAE04EC0-301F-11D3-BF4B-00C04F79EFBC}") = "Mg.DB.Untility", "Mg.DB.Untility\Mg.DB.Untility.csproj", "{961569FB-D930-4FF0-8F0C-567AB5DC4865}"
EndProject
Project("{FAE04EC0-301F-11D3-BF4B-00C04F79EFBC}") = "Mg.Framework.Repository.Chloe", "Mg.Framework.Repository.Chloe\Mg.Framework.Repository.Chloe.csproj", "{8C24D166-8884-424C-A348-5A6FAF447A48}"
EndProject
Project("{FAE04EC0-301F-11D3-BF4B-00C04F79EFBC}") = "Mg.Encrypt", "Mg.Encrypt\Mg.Encrypt.csproj", "{E1DB511F-BC5A-4A9C-B73F-1531CFBCF79E}"
EndProject
Project("{2150E333-8FDC-42A3-9474-1A3956D46DE8}") = "Data", "Data", "{106668C1-22E9-4E41-9CFF-EDD5C382E7B6}"
EndProject
Project("{FAE04EC0-301F-11D3-BF4B-00C04F79EFBC}") = "RepositoryModel", "RepositoryEntity\RepositoryModel.csproj", "{A79E36AC-1F54-4923-90FE-EE1267E8A575}"
EndProject
Project("{FAE04EC0-301F-11D3-BF4B-00C04F79EFBC}") = "App.ViewModel", "App.ViewEntity\App.ViewModel.csproj", "{5227E226-6D17-4CE4-A6D5-1C6E0A1AE1A5}"
EndProject
Project("{FAE04EC0-301F-11D3-BF4B-00C04F79EFBC}") = "TestDIFactory", "TestDIFactory\TestDIFactory.csproj", "{2A231102-99C7-4642-8745-A9CDA7E9D5ED}"
EndProject
Project("{FAE04EC0-301F-11D3-BF4B-00C04F79EFBC}") = "Mg.IOSerialize", "Mg.IOSerialize\Mg.IOSerialize.csproj", "{C7795029-1C3A-403E-8555-653438DEA753}"
EndProject
Project("{FAE04EC0-301F-11D3-BF4B-00C04F79EFBC}") = "Mg.Cache", "Mg.Cache\Mg.Cache.csproj", "{A294F7CE-1748-4D5D-96F9-93F36C9A864E}"
EndProject
Project("{FAE04EC0-301F-11D3-BF4B-00C04F79EFBC}") = "Mg.Logger", "Mg.Logger\Mg.Logger.csproj", "{8F1A4428-E037-40C1-8F8D-89D58A77DE02}"
EndProject
Project("{FAE04EC0-301F-11D3-BF4B-00C04F79EFBC}") = "Mg.HttpModule", "Mg.HttpModule\Mg.HttpModule.csproj", "{C63627EA-5FC7-48E2-A531-F3DB917E4032}"
EndProject
Project("{FAE04EC0-301F-11D3-BF4B-00C04F79EFBC}") = "Mg.Web.Core", "Mg.Web.Core\Mg.Web.Core.csproj", "{0D029000-3597-4D45-930D-36033CD19022}"
EndProject
Global
	GlobalSection(SolutionConfigurationPlatforms) = preSolution
		Debug|Any CPU = Debug|Any CPU
		Release|Any CPU = Release|Any CPU
	EndGlobalSection
	GlobalSection(ProjectConfigurationPlatforms) = postSolution
		{C777736A-865D-4428-8651-2E5B6C962A7E}.Debug|Any CPU.ActiveCfg = Debug|Any CPU
		{C777736A-865D-4428-8651-2E5B6C962A7E}.Debug|Any CPU.Build.0 = Debug|Any CPU
		{C777736A-865D-4428-8651-2E5B6C962A7E}.Release|Any CPU.ActiveCfg = Release|Any CPU
		{C777736A-865D-4428-8651-2E5B6C962A7E}.Release|Any CPU.Build.0 = Release|Any CPU
		{F6471B82-9101-4F3F-8AF4-2D453D410D1F}.Debug|Any CPU.ActiveCfg = Debug|Any CPU
		{F6471B82-9101-4F3F-8AF4-2D453D410D1F}.Debug|Any CPU.Build.0 = Debug|Any CPU
		{F6471B82-9101-4F3F-8AF4-2D453D410D1F}.Release|Any CPU.ActiveCfg = Release|Any CPU
		{F6471B82-9101-4F3F-8AF4-2D453D410D1F}.Release|Any CPU.Build.0 = Release|Any CPU
		{DD5738BA-28F6-4961-A503-E7B0270181E1}.Debug|Any CPU.ActiveCfg = Debug|Any CPU
		{DD5738BA-28F6-4961-A503-E7B0270181E1}.Debug|Any CPU.Build.0 = Debug|Any CPU
		{DD5738BA-28F6-4961-A503-E7B0270181E1}.Release|Any CPU.ActiveCfg = Release|Any CPU
		{DD5738BA-28F6-4961-A503-E7B0270181E1}.Release|Any CPU.Build.0 = Release|Any CPU
		{4C203AE3-5DCE-4B83-A46B-B4A3AD025F1A}.Debug|Any CPU.ActiveCfg = Debug|Any CPU
		{4C203AE3-5DCE-4B83-A46B-B4A3AD025F1A}.Debug|Any CPU.Build.0 = Debug|Any CPU
		{4C203AE3-5DCE-4B83-A46B-B4A3AD025F1A}.Release|Any CPU.ActiveCfg = Release|Any CPU
		{4C203AE3-5DCE-4B83-A46B-B4A3AD025F1A}.Release|Any CPU.Build.0 = Release|Any CPU
		{04EB49AA-E997-497E-80D5-5E9EC414B651}.Debug|Any CPU.ActiveCfg = Debug|Any CPU
		{04EB49AA-E997-497E-80D5-5E9EC414B651}.Debug|Any CPU.Build.0 = Debug|Any CPU
		{04EB49AA-E997-497E-80D5-5E9EC414B651}.Release|Any CPU.ActiveCfg = Release|Any CPU
		{04EB49AA-E997-497E-80D5-5E9EC414B651}.Release|Any CPU.Build.0 = Release|Any CPU
		{25D61593-062B-491A-B05F-A91474C47C07}.Debug|Any CPU.ActiveCfg = Debug|Any CPU
		{25D61593-062B-491A-B05F-A91474C47C07}.Debug|Any CPU.Build.0 = Debug|Any CPU
		{25D61593-062B-491A-B05F-A91474C47C07}.Release|Any CPU.ActiveCfg = Release|Any CPU
		{25D61593-062B-491A-B05F-A91474C47C07}.Release|Any CPU.Build.0 = Release|Any CPU
		{ECDAA115-0FD5-455A-B3CB-04FADE5601A9}.Debug|Any CPU.ActiveCfg = Debug|Any CPU
		{ECDAA115-0FD5-455A-B3CB-04FADE5601A9}.Debug|Any CPU.Build.0 = Debug|Any CPU
		{ECDAA115-0FD5-455A-B3CB-04FADE5601A9}.Release|Any CPU.ActiveCfg = Release|Any CPU
		{ECDAA115-0FD5-455A-B3CB-04FADE5601A9}.Release|Any CPU.Build.0 = Release|Any CPU
		{961569FB-D930-4FF0-8F0C-567AB5DC4865}.Debug|Any CPU.ActiveCfg = Debug|Any CPU
		{961569FB-D930-4FF0-8F0C-567AB5DC4865}.Debug|Any CPU.Build.0 = Debug|Any CPU
		{961569FB-D930-4FF0-8F0C-567AB5DC4865}.Release|Any CPU.ActiveCfg = Release|Any CPU
		{961569FB-D930-4FF0-8F0C-567AB5DC4865}.Release|Any CPU.Build.0 = Release|Any CPU
		{8C24D166-8884-424C-A348-5A6FAF447A48}.Debug|Any CPU.ActiveCfg = Debug|Any CPU
		{8C24D166-8884-424C-A348-5A6FAF447A48}.Debug|Any CPU.Build.0 = Debug|Any CPU
		{8C24D166-8884-424C-A348-5A6FAF447A48}.Release|Any CPU.ActiveCfg = Release|Any CPU
		{8C24D166-8884-424C-A348-5A6FAF447A48}.Release|Any CPU.Build.0 = Release|Any CPU
		{E1DB511F-BC5A-4A9C-B73F-1531CFBCF79E}.Debug|Any CPU.ActiveCfg = Debug|Any CPU
		{E1DB511F-BC5A-4A9C-B73F-1531CFBCF79E}.Debug|Any CPU.Build.0 = Debug|Any CPU
		{E1DB511F-BC5A-4A9C-B73F-1531CFBCF79E}.Release|Any CPU.ActiveCfg = Release|Any CPU
		{E1DB511F-BC5A-4A9C-B73F-1531CFBCF79E}.Release|Any CPU.Build.0 = Release|Any CPU
		{A79E36AC-1F54-4923-90FE-EE1267E8A575}.Debug|Any CPU.ActiveCfg = Debug|Any CPU
		{A79E36AC-1F54-4923-90FE-EE1267E8A575}.Debug|Any CPU.Build.0 = Debug|Any CPU
		{A79E36AC-1F54-4923-90FE-EE1267E8A575}.Release|Any CPU.ActiveCfg = Release|Any CPU
		{A79E36AC-1F54-4923-90FE-EE1267E8A575}.Release|Any CPU.Build.0 = Release|Any CPU
		{5227E226-6D17-4CE4-A6D5-1C6E0A1AE1A5}.Debug|Any CPU.ActiveCfg = Debug|Any CPU
		{5227E226-6D17-4CE4-A6D5-1C6E0A1AE1A5}.Debug|Any CPU.Build.0 = Debug|Any CPU
		{5227E226-6D17-4CE4-A6D5-1C6E0A1AE1A5}.Release|Any CPU.ActiveCfg = Release|Any CPU
		{5227E226-6D17-4CE4-A6D5-1C6E0A1AE1A5}.Release|Any CPU.Build.0 = Release|Any CPU
		{2A231102-99C7-4642-8745-A9CDA7E9D5ED}.Debug|Any CPU.ActiveCfg = Debug|Any CPU
		{2A231102-99C7-4642-8745-A9CDA7E9D5ED}.Debug|Any CPU.Build.0 = Debug|Any CPU
		{2A231102-99C7-4642-8745-A9CDA7E9D5ED}.Release|Any CPU.ActiveCfg = Release|Any CPU
		{2A231102-99C7-4642-8745-A9CDA7E9D5ED}.Release|Any CPU.Build.0 = Release|Any CPU
		{C7795029-1C3A-403E-8555-653438DEA753}.Debug|Any CPU.ActiveCfg = Debug|Any CPU
		{C7795029-1C3A-403E-8555-653438DEA753}.Debug|Any CPU.Build.0 = Debug|Any CPU
		{C7795029-1C3A-403E-8555-653438DEA753}.Release|Any CPU.ActiveCfg = Release|Any CPU
		{C7795029-1C3A-403E-8555-653438DEA753}.Release|Any CPU.Build.0 = Release|Any CPU
		{A294F7CE-1748-4D5D-96F9-93F36C9A864E}.Debug|Any CPU.ActiveCfg = Debug|Any CPU
		{A294F7CE-1748-4D5D-96F9-93F36C9A864E}.Debug|Any CPU.Build.0 = Debug|Any CPU
		{A294F7CE-1748-4D5D-96F9-93F36C9A864E}.Release|Any CPU.ActiveCfg = Release|Any CPU
		{A294F7CE-1748-4D5D-96F9-93F36C9A864E}.Release|Any CPU.Build.0 = Release|Any CPU
		{8F1A4428-E037-40C1-8F8D-89D58A77DE02}.Debug|Any CPU.ActiveCfg = Debug|Any CPU
		{8F1A4428-E037-40C1-8F8D-89D58A77DE02}.Debug|Any CPU.Build.0 = Debug|Any CPU
		{8F1A4428-E037-40C1-8F8D-89D58A77DE02}.Release|Any CPU.ActiveCfg = Release|Any CPU
		{8F1A4428-E037-40C1-8F8D-89D58A77DE02}.Release|Any CPU.Build.0 = Release|Any CPU
		{C63627EA-5FC7-48E2-A531-F3DB917E4032}.Debug|Any CPU.ActiveCfg = Debug|Any CPU
		{C63627EA-5FC7-48E2-A531-F3DB917E4032}.Debug|Any CPU.Build.0 = Debug|Any CPU
		{C63627EA-5FC7-48E2-A531-F3DB917E4032}.Release|Any CPU.ActiveCfg = Release|Any CPU
		{C63627EA-5FC7-48E2-A531-F3DB917E4032}.Release|Any CPU.Build.0 = Release|Any CPU
		{0D029000-3597-4D45-930D-36033CD19022}.Debug|Any CPU.ActiveCfg = Debug|Any CPU
		{0D029000-3597-4D45-930D-36033CD19022}.Debug|Any CPU.Build.0 = Debug|Any CPU
		{0D029000-3597-4D45-930D-36033CD19022}.Release|Any CPU.ActiveCfg = Release|Any CPU
		{0D029000-3597-4D45-930D-36033CD19022}.Release|Any CPU.Build.0 = Release|Any CPU
	EndGlobalSection
	GlobalSection(SolutionProperties) = preSolution
		HideSolutionNode = FALSE
	EndGlobalSection
	GlobalSection(NestedProjects) = preSolution
		{C777736A-865D-4428-8651-2E5B6C962A7E} = {359D6ACF-77C2-4648-A6C7-1BDE783B62BD}
		{F6471B82-9101-4F3F-8AF4-2D453D410D1F} = {62CDBB79-4A2B-44FB-A793-0CF06CA90D3E}
		{DD5738BA-28F6-4961-A503-E7B0270181E1} = {55A5B352-0F52-4B76-82B7-97B159628D3C}
		{4C203AE3-5DCE-4B83-A46B-B4A3AD025F1A} = {DFD893F2-12B2-445B-8046-2F1E497E3FE4}
		{04EB49AA-E997-497E-80D5-5E9EC414B651} = {DFD893F2-12B2-445B-8046-2F1E497E3FE4}
		{25D61593-062B-491A-B05F-A91474C47C07} = {55A5B352-0F52-4B76-82B7-97B159628D3C}
		{ECDAA115-0FD5-455A-B3CB-04FADE5601A9} = {55A5B352-0F52-4B76-82B7-97B159628D3C}
		{961569FB-D930-4FF0-8F0C-567AB5DC4865} = {55A5B352-0F52-4B76-82B7-97B159628D3C}
		{8C24D166-8884-424C-A348-5A6FAF447A48} = {62CDBB79-4A2B-44FB-A793-0CF06CA90D3E}
		{E1DB511F-BC5A-4A9C-B73F-1531CFBCF79E} = {55A5B352-0F52-4B76-82B7-97B159628D3C}
		{A79E36AC-1F54-4923-90FE-EE1267E8A575} = {106668C1-22E9-4E41-9CFF-EDD5C382E7B6}
		{5227E226-6D17-4CE4-A6D5-1C6E0A1AE1A5} = {106668C1-22E9-4E41-9CFF-EDD5C382E7B6}
		{C7795029-1C3A-403E-8555-653438DEA753} = {55A5B352-0F52-4B76-82B7-97B159628D3C}
		{A294F7CE-1748-4D5D-96F9-93F36C9A864E} = {55A5B352-0F52-4B76-82B7-97B159628D3C}
		{8F1A4428-E037-40C1-8F8D-89D58A77DE02} = {55A5B352-0F52-4B76-82B7-97B159628D3C}
		{C63627EA-5FC7-48E2-A531-F3DB917E4032} = {DFD893F2-12B2-445B-8046-2F1E497E3FE4}
		{0D029000-3597-4D45-930D-36033CD19022} = {55A5B352-0F52-4B76-82B7-97B159628D3C}
	EndGlobalSection
	GlobalSection(ExtensibilityGlobals) = postSolution
		SolutionGuid = {8BF714DF-9C49-43BD-85B8-AD44947FC632}
	EndGlobalSection
EndGlobal
